
Microsoft Visual Studio Solution File, Format Version 12.00
# Visual Studio Version 16
VisualStudioVersion = 16.0.30611.23
MinimumVisualStudioVersion = 10.0.40219.1
Project("{FAE04EC0-301F-11D3-BF4B-00C04F79EFBC}") = "User_Age_Exception_Handling", "User_Age_Exception_Handling\User_Age_Exception_Handling.csproj", "{B1E076E9-5FC8-4F50-9409-6FD5B73E902F}"
EndProject
Global
	GlobalSection(SolutionConfigurationPlatforms) = preSolution
		Debug|Any CPU = Debug|Any CPU
		Release|Any CPU = Release|Any CPU
	EndGlobalSection
	GlobalSection(ProjectConfigurationPlatforms) = postSolution
		{B1E076E9-5FC8-4F50-9409-6FD5B73E902F}.Debug|Any CPU.ActiveCfg = Debug|Any CPU
		{B1E076E9-5FC8-4F50-9409-6FD5B73E902F}.Debug|Any CPU.Build.0 = Debug|Any CPU
		{B1E076E9-5FC8-4F50-9409-6FD5B73E902F}.Release|Any CPU.ActiveCfg = Release|Any CPU
		{B1E076E9-5FC8-4F50-9409-6FD5B73E902F}.Release|Any CPU.Build.0 = Release|Any CPU
	EndGlobalSection
	GlobalSection(SolutionProperties) = preSolution
		HideSolutionNode = FALSE
	EndGlobalSection
	GlobalSection(ExtensibilityGlobals) = postSolution
		SolutionGuid = {D873C26D-96CF-4BE7-82E2-0F56235809A5}
	EndGlobalSection
EndGlobal
